
Microsoft Visual Studio Solution File, Format Version 12.00
# Visual Studio 15
Project("{FAE04EC0-301F-11D3-BF4B-00C04F79EFBC}") = "PhotonUnityNetworking.Demos", "PhotonUnityNetworking.Demos.csproj", "{789FDB48-459E-2061-A271-20ECB1873E6D}"
EndProject
Project("{FAE04EC0-301F-11D3-BF4B-00C04F79EFBC}") = "PhotonUnityNetworking.Utilities", "PhotonUnityNetworking.Utilities.csproj", "{B8343D4F-EF40-1746-6AA3-A9C179D8777F}"
EndProject
Project("{FAE04EC0-301F-11D3-BF4B-00C04F79EFBC}") = "Assembly-CSharp", "Assembly-CSharp.csproj", "{FD4EB89C-05CC-DA9F-C4AB-83A2A4A5C023}"
EndProject
Project("{FAE04EC0-301F-11D3-BF4B-00C04F79EFBC}") = "PhotonUnityNetworking", "PhotonUnityNetworking.csproj", "{6E966DC2-9DE1-27EF-3D1D-7CB25966FB06}"
EndProject
Project("{FAE04EC0-301F-11D3-BF4B-00C04F79EFBC}") = "PhotonRealtime", "PhotonRealtime.csproj", "{00F5E3FB-71B2-BAC5-E5E0-1B2D195EBBC8}"
EndProject
Project("{FAE04EC0-301F-11D3-BF4B-00C04F79EFBC}") = "PhotonChat", "PhotonChat.csproj", "{AC981B47-1F54-06CD-03D4-75FB0B3B4B63}"
EndProject
Project("{FAE04EC0-301F-11D3-BF4B-00C04F79EFBC}") = "PhotonUnityNetworking.Editor", "PhotonUnityNetworking.Editor.csproj", "{2FF4DBDD-A1D9-1499-CB60-CC82288EDB6C}"
EndProject
Project("{FAE04EC0-301F-11D3-BF4B-00C04F79EFBC}") = "PunDemos.DemoSlotcarEditor", "PunDemos.DemoSlotcarEditor.csproj", "{3FEB925E-846D-7399-CAE5-C21E827C911C}"
EndProject
Project("{FAE04EC0-301F-11D3-BF4B-00C04F79EFBC}") = "PhotonUnityNetworking.Utilities.Culling.Editor", "PhotonUnityNetworking.Utilities.Culling.Editor.csproj", "{CAEF3E02-CE0A-790B-9864-988430FFA82A}"
EndProject
Project("{FAE04EC0-301F-11D3-BF4B-00C04F79EFBC}") = "PunDemos.DemoHubEditor", "PunDemos.DemoHubEditor.csproj", "{2E7B0239-C2BC-CB41-84C3-642344D46970}"
EndProject
Project("{FAE04EC0-301F-11D3-BF4B-00C04F79EFBC}") = "PhotonUnityNetworking.Utilities.PhotonPlayer.Editor", "PhotonUnityNetworking.Utilities.PhotonPlayer.Editor.csproj", "{46BDBAAE-241D-CFAF-AF19-8CC0F2780312}"
EndProject
Global
	GlobalSection(SolutionConfigurationPlatforms) = preSolution
		Debug|Any CPU = Debug|Any CPU
		Release|Any CPU = Release|Any CPU
	EndGlobalSection
	GlobalSection(ProjectConfigurationPlatforms) = postSolution
		{789FDB48-459E-2061-A271-20ECB1873E6D}.Debug|Any CPU.ActiveCfg = Debug|Any CPU
		{789FDB48-459E-2061-A271-20ECB1873E6D}.Debug|Any CPU.Build.0 = Debug|Any CPU
		{789FDB48-459E-2061-A271-20ECB1873E6D}.Release|Any CPU.ActiveCfg = Release|Any CPU
		{789FDB48-459E-2061-A271-20ECB1873E6D}.Release|Any CPU.Build.0 = Release|Any CPU
		{B8343D4F-EF40-1746-6AA3-A9C179D8777F}.Debug|Any CPU.ActiveCfg = Debug|Any CPU
		{B8343D4F-EF40-1746-6AA3-A9C179D8777F}.Debug|Any CPU.Build.0 = Debug|Any CPU
		{B8343D4F-EF40-1746-6AA3-A9C179D8777F}.Release|Any CPU.ActiveCfg = Release|Any CPU
		{B8343D4F-EF40-1746-6AA3-A9C179D8777F}.Release|Any CPU.Build.0 = Release|Any CPU
		{FD4EB89C-05CC-DA9F-C4AB-83A2A4A5C023}.Debug|Any CPU.ActiveCfg = Debug|Any CPU
		{FD4EB89C-05CC-DA9F-C4AB-83A2A4A5C023}.Debug|Any CPU.Build.0 = Debug|Any CPU
		{FD4EB89C-05CC-DA9F-C4AB-83A2A4A5C023}.Release|Any CPU.ActiveCfg = Release|Any CPU
		{FD4EB89C-05CC-DA9F-C4AB-83A2A4A5C023}.Release|Any CPU.Build.0 = Release|Any CPU
		{6E966DC2-9DE1-27EF-3D1D-7CB25966FB06}.Debug|Any CPU.ActiveCfg = Debug|Any CPU
		{6E966DC2-9DE1-27EF-3D1D-7CB25966FB06}.Debug|Any CPU.Build.0 = Debug|Any CPU
		{6E966DC2-9DE1-27EF-3D1D-7CB25966FB06}.Release|Any CPU.ActiveCfg = Release|Any CPU
		{6E966DC2-9DE1-27EF-3D1D-7CB25966FB06}.Release|Any CPU.Build.0 = Release|Any CPU
		{00F5E3FB-71B2-BAC5-E5E0-1B2D195EBBC8}.Debug|Any CPU.ActiveCfg = Debug|Any CPU
		{00F5E3FB-71B2-BAC5-E5E0-1B2D195EBBC8}.Debug|Any CPU.Build.0 = Debug|Any CPU
		{00F5E3FB-71B2-BAC5-E5E0-1B2D195EBBC8}.Release|Any CPU.ActiveCfg = Release|Any CPU
		{00F5E3FB-71B2-BAC5-E5E0-1B2D195EBBC8}.Release|Any CPU.Build.0 = Release|Any CPU
		{AC981B47-1F54-06CD-03D4-75FB0B3B4B63}.Debug|Any CPU.ActiveCfg = Debug|Any CPU
		{AC981B47-1F54-06CD-03D4-75FB0B3B4B63}.Debug|Any CPU.Build.0 = Debug|Any CPU
		{AC981B47-1F54-06CD-03D4-75FB0B3B4B63}.Release|Any CPU.ActiveCfg = Release|Any CPU
		{AC981B47-1F54-06CD-03D4-75FB0B3B4B63}.Release|Any CPU.Build.0 = Release|Any CPU
		{2FF4DBDD-A1D9-1499-CB60-CC82288EDB6C}.Debug|Any CPU.ActiveCfg = Debug|Any CPU
		{2FF4DBDD-A1D9-1499-CB60-CC82288EDB6C}.Debug|Any CPU.Build.0 = Debug|Any CPU
		{2FF4DBDD-A1D9-1499-CB60-CC82288EDB6C}.Release|Any CPU.ActiveCfg = Release|Any CPU
		{2FF4DBDD-A1D9-1499-CB60-CC82288EDB6C}.Release|Any CPU.Build.0 = Release|Any CPU
		{3FEB925E-846D-7399-CAE5-C21E827C911C}.Debug|Any CPU.ActiveCfg = Debug|Any CPU
		{3FEB925E-846D-7399-CAE5-C21E827C911C}.Debug|Any CPU.Build.0 = Debug|Any CPU
		{3FEB925E-846D-7399-CAE5-C21E827C911C}.Release|Any CPU.ActiveCfg = Release|Any CPU
		{3FEB925E-846D-7399-CAE5-C21E827C911C}.Release|Any CPU.Build.0 = Release|Any CPU
		{CAEF3E02-CE0A-790B-9864-988430FFA82A}.Debug|Any CPU.ActiveCfg = Debug|Any CPU
		{CAEF3E02-CE0A-790B-9864-988430FFA82A}.Debug|Any CPU.Build.0 = Debug|Any CPU
		{CAEF3E02-CE0A-790B-9864-988430FFA82A}.Release|Any CPU.ActiveCfg = Release|Any CPU
		{CAEF3E02-CE0A-790B-9864-988430FFA82A}.Release|Any CPU.Build.0 = Release|Any CPU
		{2E7B0239-C2BC-CB41-84C3-642344D46970}.Debug|Any CPU.ActiveCfg = Debug|Any CPU
		{2E7B0239-C2BC-CB41-84C3-642344D46970}.Debug|Any CPU.Build.0 = Debug|Any CPU
		{2E7B0239-C2BC-CB41-84C3-642344D46970}.Release|Any CPU.ActiveCfg = Release|Any CPU
		{2E7B0239-C2BC-CB41-84C3-642344D46970}.Release|Any CPU.Build.0 = Release|Any CPU
		{46BDBAAE-241D-CFAF-AF19-8CC0F2780312}.Debug|Any CPU.ActiveCfg = Debug|Any CPU
		{46BDBAAE-241D-CFAF-AF19-8CC0F2780312}.Debug|Any CPU.Build.0 = Debug|Any CPU
		{46BDBAAE-241D-CFAF-AF19-8CC0F2780312}.Release|Any CPU.ActiveCfg = Release|Any CPU
		{46BDBAAE-241D-CFAF-AF19-8CC0F2780312}.Release|Any CPU.Build.0 = Release|Any CPU
	EndGlobalSection
	GlobalSection(SolutionProperties) = preSolution
		HideSolutionNode = FALSE
	EndGlobalSection
EndGlobal
